// !$*UTF8*$!
{
	archiveVersion = 1;
	classes = {
	};
	objectVersion = 56;
	objects = {

/* Begin PBXBuildFile section */
		310F20612983C16200BF8DC0 /* ViewController.swift in Sources */ = {isa = PBXBuildFile; fileRef = 310F20602983C16200BF8DC0 /* ViewController.swift */; };
		310F20652983C1AE00BF8DC0 /* Constants.swift in Sources */ = {isa = PBXBuildFile; fileRef = 310F20642983C1AE00BF8DC0 /* Constants.swift */; };
		310F20972983D55800BF8DC0 /* ViewModel in Frameworks */ = {isa = PBXBuildFile; productRef = 310F20962983D55800BF8DC0 /* ViewModel */; };
		310F20992983E26600BF8DC0 /* ViewController2.swift in Sources */ = {isa = PBXBuildFile; fileRef = 310F20622983C17000BF8DC0 /* ViewController2.swift */; };
		317E947C2983BB4100776B76 /* AppDelegate.swift in Sources */ = {isa = PBXBuildFile; fileRef = 317E947B2983BB4100776B76 /* AppDelegate.swift */; };
		317E947E2983BB4100776B76 /* SceneDelegate.swift in Sources */ = {isa = PBXBuildFile; fileRef = 317E947D2983BB4100776B76 /* SceneDelegate.swift */; };
		317E94832983BB4100776B76 /* Main.storyboard in Resources */ = {isa = PBXBuildFile; fileRef = 317E94812983BB4100776B76 /* Main.storyboard */; };
		317E94852983BB4300776B76 /* Assets.xcassets in Resources */ = {isa = PBXBuildFile; fileRef = 317E94842983BB4300776B76 /* Assets.xcassets */; };
		317E94882983BB4300776B76 /* LaunchScreen.storyboard in Resources */ = {isa = PBXBuildFile; fileRef = 317E94862983BB4300776B76 /* LaunchScreen.storyboard */; };
/* End PBXBuildFile section */

/* Begin PBXFileReference section */
		310F20602983C16200BF8DC0 /* ViewController.swift */ = {isa = PBXFileReference; fileEncoding = 4; lastKnownFileType = sourcecode.swift; path = ViewController.swift; sourceTree = "<group>"; };
		310F20622983C17000BF8DC0 /* ViewController2.swift */ = {isa = PBXFileReference; fileEncoding = 4; lastKnownFileType = sourcecode.swift; path = ViewController2.swift; sourceTree = "<group>"; };
		310F20642983C1AE00BF8DC0 /* Constants.swift */ = {isa = PBXFileReference; fileEncoding = 4; lastKnownFileType = sourcecode.swift; path = Constants.swift; sourceTree = "<group>"; };
		317E94782983BB4100776B76 /* ViewModelBuilderUIKit.app */ = {isa = PBXFileReference; explicitFileType = wrapper.application; includeInIndex = 0; path = ViewModelBuilderUIKit.app; sourceTree = BUILT_PRODUCTS_DIR; };
		317E947B2983BB4100776B76 /* AppDelegate.swift */ = {isa = PBXFileReference; lastKnownFileType = sourcecode.swift; path = AppDelegate.swift; sourceTree = "<group>"; };
		317E947D2983BB4100776B76 /* SceneDelegate.swift */ = {isa = PBXFileReference; lastKnownFileType = sourcecode.swift; path = SceneDelegate.swift; sourceTree = "<group>"; };
		317E94822983BB4100776B76 /* Base */ = {isa = PBXFileReference; lastKnownFileType = file.storyboard; name = Base; path = Base.lproj/Main.storyboard; sourceTree = "<group>"; };
		317E94842983BB4300776B76 /* Assets.xcassets */ = {isa = PBXFileReference; lastKnownFileType = folder.assetcatalog; path = Assets.xcassets; sourceTree = "<group>"; };
		317E94872983BB4300776B76 /* Base */ = {isa = PBXFileReference; lastKnownFileType = file.storyboard; name = Base; path = Base.lproj/LaunchScreen.storyboard; sourceTree = "<group>"; };
		317E94892983BB4300776B76 /* Info.plist */ = {isa = PBXFileReference; lastKnownFileType = text.plist.xml; path = Info.plist; sourceTree = "<group>"; };
/* End PBXFileReference section */

/* Begin PBXFrameworksBuildPhase section */
		317E94752983BB4100776B76 /* Frameworks */ = {
			isa = PBXFrameworksBuildPhase;
			buildActionMask = 2147483647;
			files = (
				310F20972983D55800BF8DC0 /* ViewModel in Frameworks */,
			);
			runOnlyForDeploymentPostprocessing = 0;
		};
/* End PBXFrameworksBuildPhase section */

/* Begin PBXGroup section */
		310F20952983D55800BF8DC0 /* Frameworks */ = {
			isa = PBXGroup;
			children = (
			);
			name = Frameworks;
			sourceTree = "<group>";
		};
		310F20982983DD7900BF8DC0 /* Scene */ = {
			isa = PBXGroup;
			children = (
				310F20602983C16200BF8DC0 /* ViewController.swift */,
				310F20622983C17000BF8DC0 /* ViewController2.swift */,
			);
			path = Scene;
			sourceTree = "<group>";
		};
		317E946F2983BB4100776B76 = {
			isa = PBXGroup;
			children = (
				317E947A2983BB4100776B76 /* ViewModelBuilderUIKit */,
				317E94792983BB4100776B76 /* Products */,
				310F20952983D55800BF8DC0 /* Frameworks */,
			);
			sourceTree = "<group>";
		};
		317E94792983BB4100776B76 /* Products */ = {
			isa = PBXGroup;
			children = (
				317E94782983BB4100776B76 /* ViewModelBuilderUIKit.app */,
			);
			name = Products;
			sourceTree = "<group>";
		};
		317E947A2983BB4100776B76 /* ViewModelBuilderUIKit */ = {
			isa = PBXGroup;
			children = (
				317E947B2983BB4100776B76 /* AppDelegate.swift */,
				317E947D2983BB4100776B76 /* SceneDelegate.swift */,
				310F20982983DD7900BF8DC0 /* Scene */,
				310F20642983C1AE00BF8DC0 /* Constants.swift */,
				317E94812983BB4100776B76 /* Main.storyboard */,
				317E94842983BB4300776B76 /* Assets.xcassets */,
				317E94862983BB4300776B76 /* LaunchScreen.storyboard */,
				317E94892983BB4300776B76 /* Info.plist */,
			);
			path = ViewModelBuilderUIKit;
			sourceTree = "<group>";
		};
/* End PBXGroup section */

/* Begin PBXNativeTarget section */
		317E94772983BB4100776B76 /* ViewModelBuilderUIKit */ = {
			isa = PBXNativeTarget;
			buildConfigurationList = 317E948C2983BB4300776B76 /* Build configuration list for PBXNativeTarget "ViewModelBuilderUIKit" */;
			buildPhases = (
				317E94742983BB4100776B76 /* Sources */,
				317E94752983BB4100776B76 /* Frameworks */,
				317E94762983BB4100776B76 /* Resources */,
			);
			buildRules = (
			);
			dependencies = (
			);
			name = ViewModelBuilderUIKit;
			packageProductDependencies = (
				310F20962983D55800BF8DC0 /* ViewModel */,
			);
			productName = ViewModelBuilderUIKit;
			productReference = 317E94782983BB4100776B76 /* ViewModelBuilderUIKit.app */;
			productType = "com.apple.product-type.application";
		};
/* End PBXNativeTarget section */

/* Begin PBXProject section */
		317E94702983BB4100776B76 /* Project object */ = {
			isa = PBXProject;
			attributes = {
				BuildIndependentTargetsInParallel = 1;
				LastSwiftUpdateCheck = 1410;
				LastUpgradeCheck = 1410;
				TargetAttributes = {
					317E94772983BB4100776B76 = {
						CreatedOnToolsVersion = 14.1;
					};
				};
			};
			buildConfigurationList = 317E94732983BB4100776B76 /* Build configuration list for PBXProject "ViewModelBuilderUIKit" */;
			compatibilityVersion = "Xcode 14.0";
			developmentRegion = en;
			hasScannedForEncodings = 0;
			knownRegions = (
				en,
				Base,
			);
			mainGroup = 317E946F2983BB4100776B76;
			productRefGroup = 317E94792983BB4100776B76 /* Products */;
			projectDirPath = "";
			projectRoot = "";
			targets = (
				317E94772983BB4100776B76 /* ViewModelBuilderUIKit */,
			);
		};
/* End PBXProject section */

/* Begin PBXResourcesBuildPhase section */
		317E94762983BB4100776B76 /* Resources */ = {
			isa = PBXResourcesBuildPhase;
			buildActionMask = 2147483647;
			files = (
				317E94882983BB4300776B76 /* LaunchScreen.storyboard in Resources */,
				317E94852983BB4300776B76 /* Assets.xcassets in Resources */,
				317E94832983BB4100776B76 /* Main.storyboard in Resources */,
			);
			runOnlyForDeploymentPostprocessing = 0;
		};
/* End PBXResourcesBuildPhase section */

/* Begin PBXSourcesBuildPhase section */
		317E94742983BB4100776B76 /* Sources */ = {
			isa = PBXSourcesBuildPhase;
			buildActionMask = 2147483647;
			files = (
				310F20992983E26600BF8DC0 /* ViewController2.swift in Sources */,
				310F20652983C1AE00BF8DC0 /* Constants.swift in Sources */,
				310F20612983C16200BF8DC0 /* ViewController.swift in Sources */,
				317E947C2983BB4100776B76 /* AppDelegate.swift in Sources */,
				317E947E2983BB4100776B76 /* SceneDelegate.swift in Sources */,
			);
			runOnlyForDeploymentPostprocessing = 0;
		};
/* End PBXSourcesBuildPhase section */

/* Begin PBXVariantGroup section */
		317E94812983BB4100776B76 /* Main.storyboard */ = {
			isa = PBXVariantGroup;
			children = (
				317E94822983BB4100776B76 /* Base */,
			);
			name = Main.storyboard;
			sourceTree = "<group>";
		};
		317E94862983BB4300776B76 /* LaunchScreen.storyboard */ = {
			isa = PBXVariantGroup;
			children = (
				317E94872983BB4300776B76 /* Base */,
			);
			name = LaunchScreen.storyboard;
			sourceTree = "<group>";
		};
/* End PBXVariantGroup section */

/* Begin XCBuildConfiguration section */
		317E948A2983BB4300776B76 /* Debug */ = {
			isa = XCBuildConfiguration;
			buildSettings = {
				ALWAYS_SEARCH_USER_PATHS = NO;
				CLANG_ANALYZER_NONNULL = YES;
				CLANG_ANALYZER_NUMBER_OBJECT_CONVERSION = YES_AGGRESSIVE;
				CLANG_CXX_LANGUAGE_STANDARD = "gnu++20";
				CLANG_ENABLE_MODULES = YES;
				CLANG_ENABLE_OBJC_ARC = YES;
				CLANG_ENABLE_OBJC_WEAK = YES;
				CLANG_WARN_BLOCK_CAPTURE_AUTORELEASING = YES;
				CLANG_WARN_BOOL_CONVERSION = YES;
				CLANG_WARN_COMMA = YES;
				CLANG_WARN_CONSTANT_CONVERSION = YES;
				CLANG_WARN_DEPRECATED_OBJC_IMPLEMENTATIONS = YES;
				CLANG_WARN_DIRECT_OBJC_ISA_USAGE = YES_ERROR;
				CLANG_WARN_DOCUMENTATION_COMMENTS = YES;
				CLANG_WARN_EMPTY_BODY = YES;
				CLANG_WARN_ENUM_CONVERSION = YES;
				CLANG_WARN_INFINITE_RECURSION = YES;
				CLANG_WARN_INT_CONVERSION = YES;
				CLANG_WARN_NON_LITERAL_NULL_CONVERSION = YES;
				CLANG_WARN_OBJC_IMPLICIT_RETAIN_SELF = YES;
				CLANG_WARN_OBJC_LITERAL_CONVERSION = YES;
				CLANG_WARN_OBJC_ROOT_CLASS = YES_ERROR;
				CLANG_WARN_QUOTED_INCLUDE_IN_FRAMEWORK_HEADER = YES;
				CLANG_WARN_RANGE_LOOP_ANALYSIS = YES;
				CLANG_WARN_STRICT_PROTOTYPES = YES;
				CLANG_WARN_SUSPICIOUS_MOVE = YES;
				CLANG_WARN_UNGUARDED_AVAILABILITY = YES_AGGRESSIVE;
				CLANG_WARN_UNREACHABLE_CODE = YES;
				CLANG_WARN__DUPLICATE_METHOD_MATCH = YES;
				COPY_PHASE_STRIP = NO;
				DEBUG_INFORMATION_FORMAT = dwarf;
				ENABLE_STRICT_OBJC_MSGSEND = YES;
				ENABLE_TESTABILITY = YES;
				GCC_C_LANGUAGE_STANDARD = gnu11;
				GCC_DYNAMIC_NO_PIC = NO;
				GCC_NO_COMMON_BLOCKS = YES;
				GCC_OPTIMIZATION_LEVEL = 0;
				GCC_PREPROCESSOR_DEFINITIONS = (
					"DEBUG=1",
					"$(inherited)",
				);
				GCC_WARN_64_TO_32_BIT_CONVERSION = YES;
				GCC_WARN_ABOUT_RETURN_TYPE = YES_ERROR;
				GCC_WARN_UNDECLARED_SELECTOR = YES;
				GCC_WARN_UNINITIALIZED_AUTOS = YES_AGGRESSIVE;
				GCC_WARN_UNUSED_FUNCTION = YES;
				GCC_WARN_UNUSED_VARIABLE = YES;
				IPHONEOS_DEPLOYMENT_TARGET = 16.1;
				MTL_ENABLE_DEBUG_INFO = INCLUDE_SOURCE;
				MTL_FAST_MATH = YES;
				ONLY_ACTIVE_ARCH = YES;
				SDKROOT = iphoneos;
				SWIFT_ACTIVE_COMPILATION_CONDITIONS = DEBUG;
				SWIFT_OPTIMIZATION_LEVEL = "-Onone";
			};
			name = Debug;
		};
		317E948B2983BB4300776B76 /* Release */ = {
			isa = XCBuildConfiguration;
			buildSettings = {
				ALWAYS_SEARCH_USER_PATHS = NO;
				CLANG_ANALYZER_NONNULL = YES;
				CLANG_ANALYZER_NUMBER_OBJECT_CONVERSION = YES_AGGRESSIVE;
				CLANG_CXX_LANGUAGE_STANDARD = "gnu++20";
				CLANG_ENABLE_MODULES = YES;
				CLANG_ENABLE_OBJC_ARC = YES;
				CLANG_ENABLE_OBJC_WEAK = YES;
				CLANG_WARN_BLOCK_CAPTURE_AUTORELEASING = YES;
				CLANG_WARN_BOOL_CONVERSION = YES;
				CLANG_WARN_COMMA = YES;
				CLANG_WARN_CONSTANT_CONVERSION = YES;
				CLANG_WARN_DEPRECATED_OBJC_IMPLEMENTATIONS = YES;
				CLANG_WARN_DIRECT_OBJC_ISA_USAGE = YES_ERROR;
				CLANG_WARN_DOCUMENTATION_COMMENTS = YES;
				CLANG_WARN_EMPTY_BODY = YES;
				CLANG_WARN_ENUM_CONVERSION = YES;
				CLANG_WARN_INFINITE_RECURSION = YES;
				CLANG_WARN_INT_CONVERSION = YES;
				CLANG_WARN_NON_LITERAL_NULL_CONVERSION = YES;
				CLANG_WARN_OBJC_IMPLICIT_RETAIN_SELF = YES;
				CLANG_WARN_OBJC_LITERAL_CONVERSION = YES;
				CLANG_WARN_OBJC_ROOT_CLASS = YES_ERROR;
				CLANG_WARN_QUOTED_INCLUDE_IN_FRAMEWORK_HEADER = YES;
				CLANG_WARN_RANGE_LOOP_ANALYSIS = YES;
				CLANG_WARN_STRICT_PROTOTYPES = YES;
				CLANG_WARN_SUSPICIOUS_MOVE = YES;
				CLANG_WARN_UNGUARDED_AVAILABILITY = YES_AGGRESSIVE;
				CLANG_WARN_UNREACHABLE_CODE = YES;
				CLANG_WARN__DUPLICATE_METHOD_MATCH = YES;
				COPY_PHASE_STRIP = NO;
				DEBUG_INFORMATION_FORMAT = "dwarf-with-dsym";
				ENABLE_NS_ASSERTIONS = NO;
				ENABLE_STRICT_OBJC_MSGSEND = YES;
				GCC_C_LANGUAGE_STANDARD = gnu11;
				GCC_NO_COMMON_BLOCKS = YES;
				GCC_WARN_64_TO_32_BIT_CONVERSION = YES;
				GCC_WARN_ABOUT_RETURN_TYPE = YES_ERROR;
				GCC_WARN_UNDECLARED_SELECTOR = YES;
				GCC_WARN_UNINITIALIZED_AUTOS = YES_AGGRESSIVE;
				GCC_WARN_UNUSED_FUNCTION = YES;
				GCC_WARN_UNUSED_VARIABLE = YES;
				IPHONEOS_DEPLOYMENT_TARGET = 16.1;
				MTL_ENABLE_DEBUG_INFO = NO;
				MTL_FAST_MATH = YES;
				SDKROOT = iphoneos;
				SWIFT_COMPILATION_MODE = wholemodule;
				SWIFT_OPTIMIZATION_LEVEL = "-O";
				VALIDATE_PRODUCT = YES;
			};
			name = Release;
		};
		317E948D2983BB4300776B76 /* Debug */ = {
			isa = XCBuildConfiguration;
			buildSettings = {
				ASSETCATALOG_COMPILER_APPICON_NAME = AppIcon;
				ASSETCATALOG_COMPILER_GLOBAL_ACCENT_COLOR_NAME = AccentColor;
				CODE_SIGN_STYLE = Automatic;
				CURRENT_PROJECT_VERSION = 1;
				DEVELOPMENT_TEAM = N5B5T39W8Y;
				GENERATE_INFOPLIST_FILE = YES;
				INFOPLIST_FILE = ViewModelBuilderUIKit/Info.plist;
				INFOPLIST_KEY_UIApplicationSupportsIndirectInputEvents = YES;
				INFOPLIST_KEY_UILaunchStoryboardName = LaunchScreen;
				INFOPLIST_KEY_UIMainStoryboardFile = Main;
				INFOPLIST_KEY_UISupportedInterfaceOrientations_iPad = "UIInterfaceOrientationPortrait UIInterfaceOrientationPortraitUpsideDown UIInterfaceOrientationLandscapeLeft UIInterfaceOrientationLandscapeRight";
				INFOPLIST_KEY_UISupportedInterfaceOrientations_iPhone = "UIInterfaceOrientationPortrait UIInterfaceOrientationLandscapeLeft UIInterfaceOrientationLandscapeRight";
				LD_RUNPATH_SEARCH_PATHS = (
					"$(inherited)",
					"@executable_path/Frameworks",
				);
				MARKETING_VERSION = 1.0;
				PRODUCT_BUNDLE_IDENTIFIER = com.skdevappleid.ViewModelBuilderUIKit;
				PRODUCT_NAME = "$(TARGET_NAME)";
				SWIFT_EMIT_LOC_STRINGS = YES;
				SWIFT_VERSION = 5.0;
				TARGETED_DEVICE_FAMILY = "1,2";
			};
			name = Debug;
		};
		317E948E2983BB4300776B76 /* Release */ = {
			isa = XCBuildConfiguration;
			buildSettings = {
				ASSETCATALOG_COMPILER_APPICON_NAME = AppIcon;
				ASSETCATALOG_COMPILER_GLOBAL_ACCENT_COLOR_NAME = AccentColor;
				CODE_SIGN_STYLE = Automatic;
				CURRENT_PROJECT_VERSION = 1;
				DEVELOPMENT_TEAM = N5B5T39W8Y;
				GENERATE_INFOPLIST_FILE = YES;
				INFOPLIST_FILE = ViewModelBuilderUIKit/Info.plist;
				INFOPLIST_KEY_UIApplicationSupportsIndirectInputEvents = YES;
				INFOPLIST_KEY_UILaunchStoryboardName = LaunchScreen;
				INFOPLIST_KEY_UIMainStoryboardFile = Main;
				INFOPLIST_KEY_UISupportedInterfaceOrientations_iPad = "UIInterfaceOrientationPortrait UIInterfaceOrientationPortraitUpsideDown UIInterfaceOrientationLandscapeLeft UIInterfaceOrientationLandscapeRight";
				INFOPLIST_KEY_UISupportedInterfaceOrientations_iPhone = "UIInterfaceOrientationPortrait UIInterfaceOrientationLandscapeLeft UIInterfaceOrientationLandscapeRight";
				LD_RUNPATH_SEARCH_PATHS = (
					"$(inherited)",
					"@executable_path/Frameworks",
				);
				MARKETING_VERSION = 1.0;
				PRODUCT_BUNDLE_IDENTIFIER = com.skdevappleid.ViewModelBuilderUIKit;
				PRODUCT_NAME = "$(TARGET_NAME)";
				SWIFT_EMIT_LOC_STRINGS = YES;
				SWIFT_VERSION = 5.0;
				TARGETED_DEVICE_FAMILY = "1,2";
			};
			name = Release;
		};
/* End XCBuildConfiguration section */

/* Begin XCConfigurationList section */
		317E94732983BB4100776B76 /* Build configuration list for PBXProject "ViewModelBuilderUIKit" */ = {
			isa = XCConfigurationList;
			buildConfigurations = (
				317E948A2983BB4300776B76 /* Debug */,
				317E948B2983BB4300776B76 /* Release */,
			);
			defaultConfigurationIsVisible = 0;
			defaultConfigurationName = Release;
		};
		317E948C2983BB4300776B76 /* Build configuration list for PBXNativeTarget "ViewModelBuilderUIKit" */ = {
			isa = XCConfigurationList;
			buildConfigurations = (
				317E948D2983BB4300776B76 /* Debug */,
				317E948E2983BB4300776B76 /* Release */,
			);
			defaultConfigurationIsVisible = 0;
			defaultConfigurationName = Release;
		};
/* End XCConfigurationList section */

/* Begin XCSwiftPackageProductDependency section */
		310F20962983D55800BF8DC0 /* ViewModel */ = {
			isa = XCSwiftPackageProductDependency;
			productName = ViewModel;
		};
/* End XCSwiftPackageProductDependency section */
	};
	rootObject = 317E94702983BB4100776B76 /* Project object */;
}
